
Microsoft Visual Studio Solution File, Format Version 12.00
# Visual Studio Version 16
VisualStudioVersion = 16.0.29418.71
MinimumVisualStudioVersion = 10.0.40219.1
Project("{FAE04EC0-301F-11D3-BF4B-00C04F79EFBC}") = "ColbertPrimesAPI", "ColbertPrimesAPI\ColbertPrimesAPI.csproj", "{94E8C601-9ABF-4805-8457-E658F0050D3C}"
EndProject
Global
	GlobalSection(SolutionConfigurationPlatforms) = preSolution
		Debug|Any CPU = Debug|Any CPU
		Release|Any CPU = Release|Any CPU
	EndGlobalSection
	GlobalSection(ProjectConfigurationPlatforms) = postSolution
		{94E8C601-9ABF-4805-8457-E658F0050D3C}.Debug|Any CPU.ActiveCfg = Debug|Any CPU
		{94E8C601-9ABF-4805-8457-E658F0050D3C}.Debug|Any CPU.Build.0 = Debug|Any CPU
		{94E8C601-9ABF-4805-8457-E658F0050D3C}.Release|Any CPU.ActiveCfg = Release|Any CPU
		{94E8C601-9ABF-4805-8457-E658F0050D3C}.Release|Any CPU.Build.0 = Release|Any CPU
	EndGlobalSection
	GlobalSection(SolutionProperties) = preSolution
		HideSolutionNode = FALSE
	EndGlobalSection
	GlobalSection(ExtensibilityGlobals) = postSolution
		SolutionGuid = {9BA34A75-0F67-42B9-9E56-2F6E4D9627BF}
	EndGlobalSection
EndGlobal
